
Microsoft Visual Studio Solution File, Format Version 12.00
# Visual Studio Version 17
VisualStudioVersion = 17.11.35327.3
MinimumVisualStudioVersion = 10.0.40219.1
Project("{FAE04EC0-301F-11D3-BF4B-00C04F79EFBC}") = "Esercizio02_Selezione", "Esercizio02_Selezione\Esercizio02_Selezione.csproj", "{5CA26B81-2A2C-4D99-9C7A-5104EB4A67F7}"
EndProject
Global
	GlobalSection(SolutionConfigurationPlatforms) = preSolution
		Debug|Any CPU = Debug|Any CPU
		Release|Any CPU = Release|Any CPU
	EndGlobalSection
	GlobalSection(ProjectConfigurationPlatforms) = postSolution
		{5CA26B81-2A2C-4D99-9C7A-5104EB4A67F7}.Debug|Any CPU.ActiveCfg = Debug|Any CPU
		{5CA26B81-2A2C-4D99-9C7A-5104EB4A67F7}.Debug|Any CPU.Build.0 = Debug|Any CPU
		{5CA26B81-2A2C-4D99-9C7A-5104EB4A67F7}.Release|Any CPU.ActiveCfg = Release|Any CPU
		{5CA26B81-2A2C-4D99-9C7A-5104EB4A67F7}.Release|Any CPU.Build.0 = Release|Any CPU
	EndGlobalSection
	GlobalSection(SolutionProperties) = preSolution
		HideSolutionNode = FALSE
	EndGlobalSection
	GlobalSection(ExtensibilityGlobals) = postSolution
		SolutionGuid = {D0CFB382-5DDB-4102-A49E-12510C9E3E23}
	EndGlobalSection
EndGlobal
