
Microsoft Visual Studio Solution File, Format Version 12.00
# Visual Studio Version 17
VisualStudioVersion = 17.12.35514.174 d17.12
MinimumVisualStudioVersion = 10.0.40219.1
Project("{FAE04EC0-301F-11D3-BF4B-00C04F79EFBC}") = "Esercizio Zoo", "Esercizio Zoo.csproj", "{A0330BB4-CB8A-4E91-8DE8-9DFFC0C8FCAE}"
EndProject
Global
	GlobalSection(SolutionConfigurationPlatforms) = preSolution
		Debug|Any CPU = Debug|Any CPU
		Release|Any CPU = Release|Any CPU
	EndGlobalSection
	GlobalSection(ProjectConfigurationPlatforms) = postSolution
		{A0330BB4-CB8A-4E91-8DE8-9DFFC0C8FCAE}.Debug|Any CPU.ActiveCfg = Debug|Any CPU
		{A0330BB4-CB8A-4E91-8DE8-9DFFC0C8FCAE}.Debug|Any CPU.Build.0 = Debug|Any CPU
		{A0330BB4-CB8A-4E91-8DE8-9DFFC0C8FCAE}.Release|Any CPU.ActiveCfg = Release|Any CPU
		{A0330BB4-CB8A-4E91-8DE8-9DFFC0C8FCAE}.Release|Any CPU.Build.0 = Release|Any CPU
	EndGlobalSection
	GlobalSection(SolutionProperties) = preSolution
		HideSolutionNode = FALSE
	EndGlobalSection
EndGlobal
