
Microsoft Visual Studio Solution File, Format Version 12.00
# Visual Studio Version 17
VisualStudioVersion = 17.11.35327.3
MinimumVisualStudioVersion = 10.0.40219.1
Project("{FAE04EC0-301F-11D3-BF4B-00C04F79EFBC}") = "Videogames", "Videogames\Videogames.csproj", "{B6E825F0-A246-4221-BC8B-40340703A1C2}"
EndProject
Project("{FAE04EC0-301F-11D3-BF4B-00C04F79EFBC}") = "Sportivi", "..\Sportivi\Sportivi.csproj", "{50143684-9785-483A-A4C6-B026457F429B}"
EndProject
Global
	GlobalSection(SolutionConfigurationPlatforms) = preSolution
		Debug|Any CPU = Debug|Any CPU
		Release|Any CPU = Release|Any CPU
	EndGlobalSection
	GlobalSection(ProjectConfigurationPlatforms) = postSolution
		{B6E825F0-A246-4221-BC8B-40340703A1C2}.Debug|Any CPU.ActiveCfg = Debug|Any CPU
		{B6E825F0-A246-4221-BC8B-40340703A1C2}.Debug|Any CPU.Build.0 = Debug|Any CPU
		{B6E825F0-A246-4221-BC8B-40340703A1C2}.Release|Any CPU.ActiveCfg = Release|Any CPU
		{B6E825F0-A246-4221-BC8B-40340703A1C2}.Release|Any CPU.Build.0 = Release|Any CPU
		{50143684-9785-483A-A4C6-B026457F429B}.Debug|Any CPU.ActiveCfg = Debug|Any CPU
		{50143684-9785-483A-A4C6-B026457F429B}.Debug|Any CPU.Build.0 = Debug|Any CPU
		{50143684-9785-483A-A4C6-B026457F429B}.Release|Any CPU.ActiveCfg = Release|Any CPU
		{50143684-9785-483A-A4C6-B026457F429B}.Release|Any CPU.Build.0 = Release|Any CPU
	EndGlobalSection
	GlobalSection(SolutionProperties) = preSolution
		HideSolutionNode = FALSE
	EndGlobalSection
	GlobalSection(ExtensibilityGlobals) = postSolution
		SolutionGuid = {62D05171-E1E6-4335-A2DE-8A23773630C4}
	EndGlobalSection
EndGlobal
